
Microsoft Visual Studio Solution File, Format Version 12.00
# Visual Studio Version 17
VisualStudioVersion = 17.4.33205.214
MinimumVisualStudioVersion = 10.0.40219.1
Project("{9A19103F-16F7-4668-BE54-9A1E7A4F7556}") = "CatalogoApp.Server", "CatalogoApp\Server\CatalogoApp.Server.csproj", "{7A98A319-CF72-46E5-8633-016D25806723}"
EndProject
Project("{9A19103F-16F7-4668-BE54-9A1E7A4F7556}") = "CatalogoApp.Client", "CatalogoApp\Client\CatalogoApp.Client.csproj", "{D55ABF49-C5D6-495B-AEDA-644C24354452}"
EndProject
Project("{9A19103F-16F7-4668-BE54-9A1E7A4F7556}") = "CatalogoApp.Shared", "CatalogoApp\Shared\CatalogoApp.Shared.csproj", "{9C90DBB1-B5D9-4DD3-943B-6FACDE9A8F42}"
EndProject
Global
	GlobalSection(SolutionConfigurationPlatforms) = preSolution
		Debug|Any CPU = Debug|Any CPU
		Release|Any CPU = Release|Any CPU
	EndGlobalSection
	GlobalSection(ProjectConfigurationPlatforms) = postSolution
		{7A98A319-CF72-46E5-8633-016D25806723}.Debug|Any CPU.ActiveCfg = Debug|Any CPU
		{7A98A319-CF72-46E5-8633-016D25806723}.Debug|Any CPU.Build.0 = Debug|Any CPU
		{7A98A319-CF72-46E5-8633-016D25806723}.Release|Any CPU.ActiveCfg = Release|Any CPU
		{7A98A319-CF72-46E5-8633-016D25806723}.Release|Any CPU.Build.0 = Release|Any CPU
		{D55ABF49-C5D6-495B-AEDA-644C24354452}.Debug|Any CPU.ActiveCfg = Debug|Any CPU
		{D55ABF49-C5D6-495B-AEDA-644C24354452}.Debug|Any CPU.Build.0 = Debug|Any CPU
		{D55ABF49-C5D6-495B-AEDA-644C24354452}.Release|Any CPU.ActiveCfg = Release|Any CPU
		{D55ABF49-C5D6-495B-AEDA-644C24354452}.Release|Any CPU.Build.0 = Release|Any CPU
		{9C90DBB1-B5D9-4DD3-943B-6FACDE9A8F42}.Debug|Any CPU.ActiveCfg = Debug|Any CPU
		{9C90DBB1-B5D9-4DD3-943B-6FACDE9A8F42}.Debug|Any CPU.Build.0 = Debug|Any CPU
		{9C90DBB1-B5D9-4DD3-943B-6FACDE9A8F42}.Release|Any CPU.ActiveCfg = Release|Any CPU
		{9C90DBB1-B5D9-4DD3-943B-6FACDE9A8F42}.Release|Any CPU.Build.0 = Release|Any CPU
	EndGlobalSection
	GlobalSection(SolutionProperties) = preSolution
		HideSolutionNode = FALSE
	EndGlobalSection
	GlobalSection(ExtensibilityGlobals) = postSolution
		SolutionGuid = {309488E4-9958-4BE8-86B3-AF17A7D12962}
	EndGlobalSection
EndGlobal
